
Microsoft Visual Studio Solution File, Format Version 12.00
# Visual Studio Version 17
VisualStudioVersion = 17.14.36408.4 d17.14
MinimumVisualStudioVersion = 10.0.40219.1
Project("{FAE04EC0-301F-11D3-BF4B-00C04F79EFBC}") = "FullPracticeApp", "FullPracticeApp\FullPracticeApp.csproj", "{2A9A9C15-7EDD-42E5-9FD7-934B4F6FB262}"
EndProject
Project("{FAE04EC0-301F-11D3-BF4B-00C04F79EFBC}") = "FullPracticeApp.Domain", "FullPracticeApp.Domain\FullPracticeApp.Domain.csproj", "{61A60386-C51B-4BA4-90E9-DEE745530A3D}"
EndProject
Project("{FAE04EC0-301F-11D3-BF4B-00C04F79EFBC}") = "FullPracticeApp.Contracts", "FullPracticeApp.Contracts\FullPracticeApp.Contracts.csproj", "{862AED0E-10DE-4E3C-9EEC-C5155842D65F}"
EndProject
Project("{FAE04EC0-301F-11D3-BF4B-00C04F79EFBC}") = "FullPracticeApp.Infrastructure", "FullPracticeApp.Infrastructure\FullPracticeApp.Infrastructure.csproj", "{C13D656A-F85B-47D5-81CE-48208821AA2A}"
EndProject
Project("{FAE04EC0-301F-11D3-BF4B-00C04F79EFBC}") = "FullPracticeApp.Services", "FullPracticeApp.Services\FullPracticeApp.Services.csproj", "{8326CEA4-313D-48A8-90C6-ED3B7EDF0907}"
EndProject
Global
	GlobalSection(SolutionConfigurationPlatforms) = preSolution
		Debug|Any CPU = Debug|Any CPU
		Release|Any CPU = Release|Any CPU
	EndGlobalSection
	GlobalSection(ProjectConfigurationPlatforms) = postSolution
		{2A9A9C15-7EDD-42E5-9FD7-934B4F6FB262}.Debug|Any CPU.ActiveCfg = Debug|Any CPU
		{2A9A9C15-7EDD-42E5-9FD7-934B4F6FB262}.Debug|Any CPU.Build.0 = Debug|Any CPU
		{2A9A9C15-7EDD-42E5-9FD7-934B4F6FB262}.Release|Any CPU.ActiveCfg = Release|Any CPU
		{2A9A9C15-7EDD-42E5-9FD7-934B4F6FB262}.Release|Any CPU.Build.0 = Release|Any CPU
		{61A60386-C51B-4BA4-90E9-DEE745530A3D}.Debug|Any CPU.ActiveCfg = Debug|Any CPU
		{61A60386-C51B-4BA4-90E9-DEE745530A3D}.Debug|Any CPU.Build.0 = Debug|Any CPU
		{61A60386-C51B-4BA4-90E9-DEE745530A3D}.Release|Any CPU.ActiveCfg = Release|Any CPU
		{61A60386-C51B-4BA4-90E9-DEE745530A3D}.Release|Any CPU.Build.0 = Release|Any CPU
		{862AED0E-10DE-4E3C-9EEC-C5155842D65F}.Debug|Any CPU.ActiveCfg = Debug|Any CPU
		{862AED0E-10DE-4E3C-9EEC-C5155842D65F}.Debug|Any CPU.Build.0 = Debug|Any CPU
		{862AED0E-10DE-4E3C-9EEC-C5155842D65F}.Release|Any CPU.ActiveCfg = Release|Any CPU
		{862AED0E-10DE-4E3C-9EEC-C5155842D65F}.Release|Any CPU.Build.0 = Release|Any CPU
		{C13D656A-F85B-47D5-81CE-48208821AA2A}.Debug|Any CPU.ActiveCfg = Debug|Any CPU
		{C13D656A-F85B-47D5-81CE-48208821AA2A}.Debug|Any CPU.Build.0 = Debug|Any CPU
		{C13D656A-F85B-47D5-81CE-48208821AA2A}.Release|Any CPU.ActiveCfg = Release|Any CPU
		{C13D656A-F85B-47D5-81CE-48208821AA2A}.Release|Any CPU.Build.0 = Release|Any CPU
		{8326CEA4-313D-48A8-90C6-ED3B7EDF0907}.Debug|Any CPU.ActiveCfg = Debug|Any CPU
		{8326CEA4-313D-48A8-90C6-ED3B7EDF0907}.Debug|Any CPU.Build.0 = Debug|Any CPU
		{8326CEA4-313D-48A8-90C6-ED3B7EDF0907}.Release|Any CPU.ActiveCfg = Release|Any CPU
		{8326CEA4-313D-48A8-90C6-ED3B7EDF0907}.Release|Any CPU.Build.0 = Release|Any CPU
	EndGlobalSection
	GlobalSection(SolutionProperties) = preSolution
		HideSolutionNode = FALSE
	EndGlobalSection
	GlobalSection(ExtensibilityGlobals) = postSolution
		SolutionGuid = {D52D8174-97E4-45B5-AB3D-54F057F1D12D}
	EndGlobalSection
EndGlobal
